
Microsoft Visual Studio Solution File, Format Version 12.00
# Visual Studio Version 16
VisualStudioVersion = 16.0.30717.126
MinimumVisualStudioVersion = 10.0.40219.1
Project("{FAE04EC0-301F-11D3-BF4B-00C04F79EFBC}") = "UseWebAppBot", "UseWebAppBot\UseWebAppBot.csproj", "{08109109-BA0D-4F88-BE73-F214BEB35C3C}"
EndProject
Global
	GlobalSection(SolutionConfigurationPlatforms) = preSolution
		Debug|Any CPU = Debug|Any CPU
		Release|Any CPU = Release|Any CPU
	EndGlobalSection
	GlobalSection(ProjectConfigurationPlatforms) = postSolution
		{08109109-BA0D-4F88-BE73-F214BEB35C3C}.Debug|Any CPU.ActiveCfg = Debug|Any CPU
		{08109109-BA0D-4F88-BE73-F214BEB35C3C}.Debug|Any CPU.Build.0 = Debug|Any CPU
		{08109109-BA0D-4F88-BE73-F214BEB35C3C}.Release|Any CPU.ActiveCfg = Release|Any CPU
		{08109109-BA0D-4F88-BE73-F214BEB35C3C}.Release|Any CPU.Build.0 = Release|Any CPU
	EndGlobalSection
	GlobalSection(SolutionProperties) = preSolution
		HideSolutionNode = FALSE
	EndGlobalSection
	GlobalSection(ExtensibilityGlobals) = postSolution
		SolutionGuid = {D97BAC9A-5892-43F9-96A6-9AF2FBC1EE80}
	EndGlobalSection
EndGlobal
